
Microsoft Visual Studio Solution File, Format Version 12.00
# Visual Studio Version 17
VisualStudioVersion = 17.0.31903.59
MinimumVisualStudioVersion = 10.0.40219.1
Project("{FAE04EC0-301F-11D3-BF4B-00C04F79EFBC}") = "API", "API\API.csproj", "{83BBF513-023D-4A74-AE45-10B93459AA49}"
EndProject
Project("{FAE04EC0-301F-11D3-BF4B-00C04F79EFBC}") = "Application", "Application\Application.csproj", "{C26AFF8C-A14B-4C18-A84F-D0887CB93B46}"
EndProject
Project("{FAE04EC0-301F-11D3-BF4B-00C04F79EFBC}") = "Domain", "Domain\Domain.csproj", "{715CF23A-92ED-4D8E-B9D6-C91E551D3636}"
EndProject
Project("{FAE04EC0-301F-11D3-BF4B-00C04F79EFBC}") = "Persistence", "Persistence\Persistence.csproj", "{6188DEF1-DBBC-4CA0-B178-E64024DB42CE}"
EndProject
Global
	GlobalSection(SolutionConfigurationPlatforms) = preSolution
		Debug|Any CPU = Debug|Any CPU
		Release|Any CPU = Release|Any CPU
	EndGlobalSection
	GlobalSection(SolutionProperties) = preSolution
		HideSolutionNode = FALSE
	EndGlobalSection
	GlobalSection(ProjectConfigurationPlatforms) = postSolution
		{83BBF513-023D-4A74-AE45-10B93459AA49}.Debug|Any CPU.ActiveCfg = Debug|Any CPU
		{83BBF513-023D-4A74-AE45-10B93459AA49}.Debug|Any CPU.Build.0 = Debug|Any CPU
		{83BBF513-023D-4A74-AE45-10B93459AA49}.Release|Any CPU.ActiveCfg = Release|Any CPU
		{83BBF513-023D-4A74-AE45-10B93459AA49}.Release|Any CPU.Build.0 = Release|Any CPU
		{C26AFF8C-A14B-4C18-A84F-D0887CB93B46}.Debug|Any CPU.ActiveCfg = Debug|Any CPU
		{C26AFF8C-A14B-4C18-A84F-D0887CB93B46}.Debug|Any CPU.Build.0 = Debug|Any CPU
		{C26AFF8C-A14B-4C18-A84F-D0887CB93B46}.Release|Any CPU.ActiveCfg = Release|Any CPU
		{C26AFF8C-A14B-4C18-A84F-D0887CB93B46}.Release|Any CPU.Build.0 = Release|Any CPU
		{715CF23A-92ED-4D8E-B9D6-C91E551D3636}.Debug|Any CPU.ActiveCfg = Debug|Any CPU
		{715CF23A-92ED-4D8E-B9D6-C91E551D3636}.Debug|Any CPU.Build.0 = Debug|Any CPU
		{715CF23A-92ED-4D8E-B9D6-C91E551D3636}.Release|Any CPU.ActiveCfg = Release|Any CPU
		{715CF23A-92ED-4D8E-B9D6-C91E551D3636}.Release|Any CPU.Build.0 = Release|Any CPU
		{6188DEF1-DBBC-4CA0-B178-E64024DB42CE}.Debug|Any CPU.ActiveCfg = Debug|Any CPU
		{6188DEF1-DBBC-4CA0-B178-E64024DB42CE}.Debug|Any CPU.Build.0 = Debug|Any CPU
		{6188DEF1-DBBC-4CA0-B178-E64024DB42CE}.Release|Any CPU.ActiveCfg = Release|Any CPU
		{6188DEF1-DBBC-4CA0-B178-E64024DB42CE}.Release|Any CPU.Build.0 = Release|Any CPU
	EndGlobalSection
EndGlobal
